
Microsoft Visual Studio Solution File, Format Version 12.00
# Visual Studio Version 17
VisualStudioVersion = 17.11.35327.3
MinimumVisualStudioVersion = 10.0.40219.1
Project("{FAE04EC0-301F-11D3-BF4B-00C04F79EFBC}") = "StringAssignments", "StringAssignments.csproj", "{200D8B8E-C101-402E-9951-F97D67F8D977}"
EndProject
Global
	GlobalSection(SolutionConfigurationPlatforms) = preSolution
		Debug|Any CPU = Debug|Any CPU
		Release|Any CPU = Release|Any CPU
	EndGlobalSection
	GlobalSection(ProjectConfigurationPlatforms) = postSolution
		{200D8B8E-C101-402E-9951-F97D67F8D977}.Debug|Any CPU.ActiveCfg = Debug|Any CPU
		{200D8B8E-C101-402E-9951-F97D67F8D977}.Debug|Any CPU.Build.0 = Debug|Any CPU
		{200D8B8E-C101-402E-9951-F97D67F8D977}.Release|Any CPU.ActiveCfg = Release|Any CPU
		{200D8B8E-C101-402E-9951-F97D67F8D977}.Release|Any CPU.Build.0 = Release|Any CPU
	EndGlobalSection
	GlobalSection(SolutionProperties) = preSolution
		HideSolutionNode = FALSE
	EndGlobalSection
	GlobalSection(ExtensibilityGlobals) = postSolution
		SolutionGuid = {3FF498AA-E2E3-43F0-9D5F-7D1993E29AB3}
	EndGlobalSection
EndGlobal
